<?xml version="1.0" encoding="UTF-8"?>
<CONFIG>
  <ProjectOptions>
    <Version Value="12"/>
    <General>
      <SessionStorage Value="None"/>
      <Title Value="SataniaDesktopAssistant"/>
      <Scaled Value="True"/>
      <ResourceType Value="res"/>
      <UseXPManifest Value="True"/>
      <XPManifest>
        <DpiAware Value="True"/>
      </XPManifest>
      <Icon Value="0"/>
    </General>
    <i18n>
      <EnableI18N Value="True"/>
      <OutDir Value="../locale"/>
    </i18n>
    <BuildModes>
      <Item Name="win64" Default="True"/>
      <Item Name="linux64-qt5">
        <MacroValues Count="1">
          <Macro1 Name="LCLWidgetType" Value="qt5"/>
        </MacroValues>
        <CompilerOptions>
          <Version Value="11"/>
          <Target>
            <Filename Value="../satania-buddy"/>
          </Target>
          <SearchPaths>
            <IncludeFiles Value="$(ProjOutDir);components/neural-api/neural;components/internettools"/>
            <OtherUnitFiles Value="forms;utils;satania;states;components;components/neural-api/neural;components/synalist;components/typing-label/typinglabel;components/TPocketSphinx/src;components/TPocketSphinx/src/pocketsphinx;frames;components/internettools/internet;components/internettools/data;components/vosk"/>
            <UnitOutputDirectory Value="../lib/$(TargetCPU)-$(TargetOS)"/>
          </SearchPaths>
          <CodeGeneration>
            <TargetCPU Value="x86_64"/>
            <TargetOS Value="linux"/>
            <Optimizations>
              <OptimizationLevel Value="2"/>
            </Optimizations>
          </CodeGeneration>
          <Linking>
            <Debugging>
              <UseExternalDbgSyms Value="True"/>
            </Debugging>
            <Options>
              <Win32>
                <GraphicApplication Value="True"/>
              </Win32>
            </Options>
          </Linking>
          <Other>
            <CustomOptions Value="-dCASTLE_SLIM_NODES"/>
            <OtherDefines Count="1">
              <Define0 Value="CASTLE_SLIM_NODES"/>
            </OtherDefines>
          </Other>
        </CompilerOptions>
      </Item>
      <SharedMatrixOptions Count="1">
        <Item1 ID="959895603909" Modes="linux64-qt5" Type="IDEMacro" MacroName="LCLWidgetType" Value="qt5"/>
      </SharedMatrixOptions>
    </BuildModes>
    <PublishOptions>
      <Version Value="2"/>
      <UseFileFilters Value="True"/>
    </PublishOptions>
    <RunParams>
      <FormatVersion Value="2"/>
    </RunParams>
    <RequiredPackages>
      <Item>
        <PackageName Value="DateTimeCtrlsDsgn"/>
      </Item>
      <Item>
        <PackageName Value="DateTimeCtrls"/>
      </Item>
      <Item>
        <PackageName Value="SynEdit"/>
      </Item>
      <Item>
        <PackageName Value="multithreadprocslaz"/>
      </Item>
      <Item>
        <PackageName Value="castle_components"/>
      </Item>
      <Item>
        <PackageName Value="castle_window"/>
      </Item>
      <Item>
        <PackageName Value="LCL"/>
      </Item>
    </RequiredPackages>
    <Units>
      <Unit>
        <Filename Value="SataniaDesktopAssistant.lpr"/>
        <IsPartOfProject Value="True"/>
        <UnitName Value="SataniaBuddy"/>
      </Unit>
      <Unit>
        <Filename Value="forms/form.main.pas"/>
        <IsPartOfProject Value="True"/>
        <ComponentName Value="FormMain"/>
        <HasResources Value="True"/>
        <ResourceBaseClass Value="Form"/>
        <UnitName Value="Form.Main"/>
      </Unit>
      <Unit>
        <Filename Value="utils/utils.activewindow.pas"/>
        <IsPartOfProject Value="True"/>
        <UnitName Value="Utils.ActiveWindow"/>
      </Unit>
      <Unit>
        <Filename Value="satania/mcdowell.pas"/>
        <IsPartOfProject Value="True"/>
        <UnitName Value="Mcdowell"/>
      </Unit>
      <Unit>
        <Filename Value="utils/utils.activewindow_windows.inc"/>
        <IsPartOfProject Value="True"/>
      </Unit>
      <Unit>
        <Filename Value="utils/utils.activewindow_linux_x11.inc"/>
        <IsPartOfProject Value="True"/>
      </Unit>
      <Unit>
        <Filename Value="configs.inc"/>
        <IsPartOfProject Value="True"/>
      </Unit>
      <Unit>
        <Filename Value="forms/form.main_windows.inc"/>
        <IsPartOfProject Value="True"/>
      </Unit>
      <Unit>
        <Filename Value="forms/form.main_linux_x11.inc"/>
        <IsPartOfProject Value="True"/>
      </Unit>
      <Unit>
        <Filename Value="states/state.main.pas"/>
        <IsPartOfProject Value="True"/>
        <UnitName Value="State.Main"/>
      </Unit>
      <Unit>
        <Filename Value="forms/form.touch.pas"/>
        <IsPartOfProject Value="True"/>
        <ComponentName Value="FormTouch"/>
        <HasResources Value="True"/>
        <ResourceBaseClass Value="Form"/>
        <UnitName Value="Form.Touch"/>
      </Unit>
      <Unit>
        <Filename Value="globals.pas"/>
        <IsPartOfProject Value="True"/>
        <UnitName Value="Globals"/>
      </Unit>
      <Unit>
        <Filename Value="forms/form.settings.pas"/>
        <IsPartOfProject Value="True"/>
        <ComponentName Value="FormSettings"/>
        <HasResources Value="True"/>
        <ResourceBaseClass Value="Form"/>
      </Unit>
      <Unit>
        <Filename Value="forms/form.chat.pas"/>
        <IsPartOfProject Value="True"/>
        <ComponentName Value="FormChat"/>
        <HasResources Value="True"/>
        <ResourceBaseClass Value="Form"/>
      </Unit>
      <Unit>
        <Filename Value="satania/mcdowell.chatbot.pas"/>
        <IsPartOfProject Value="True"/>
      </Unit>
      <Unit>
        <Filename Value="satania/mcdowell.chatbot.train.pas"/>
        <IsPartOfProject Value="True"/>
      </Unit>
      <Unit>
        <Filename Value="forms/form.evilc.editor.pas"/>
        <IsPartOfProject Value="True"/>
        <ComponentName Value="FormEvilCEditor"/>
        <HasResources Value="True"/>
        <ResourceBaseClass Value="Form"/>
      </Unit>
      <Unit>
        <Filename Value="satania/mcdowell.imap.pas"/>
        <IsPartOfProject Value="True"/>
      </Unit>
      <Unit>
        <Filename Value="forms/form.touch_linux_x11.inc"/>
        <IsPartOfProject Value="True"/>
      </Unit>
      <Unit>
        <Filename Value="forms/form.touch_windows.inc"/>
        <IsPartOfProject Value="True"/>
      </Unit>
      <Unit>
        <Filename Value="satania/mcdowell.evilc.pas"/>
        <IsPartOfProject Value="True"/>
        <UnitName Value="Mcdowell.EvilC"/>
      </Unit>
      <Unit>
        <Filename Value="satania/mcdowell.speechtotext.pas"/>
        <IsPartOfProject Value="True"/>
        <UnitName Value="Mcdowell.SpeechToText"/>
      </Unit>
      <Unit>
        <Filename Value="satania/mcdowell.speechtotext_windows.inc"/>
        <IsPartOfProject Value="True"/>
      </Unit>
      <Unit>
        <Filename Value="frames/frame.reminders.item.pas"/>
        <IsPartOfProject Value="True"/>
        <ComponentName Value="FrameRemindersItem"/>
        <HasResources Value="True"/>
        <ResourceBaseClass Value="Frame"/>
      </Unit>
      <Unit>
        <Filename Value="forms/form.reminders.pas"/>
        <IsPartOfProject Value="True"/>
        <ComponentName Value="FormReminders"/>
        <HasResources Value="True"/>
        <ResourceBaseClass Value="Form"/>
      </Unit>
      <Unit>
        <Filename Value="satania/mcdowell.sound.pas"/>
        <IsPartOfProject Value="True"/>
        <UnitName Value="Mcdowell.Sound"/>
      </Unit>
      <Unit>
        <Filename Value="forms/form.rules.pas"/>
        <IsPartOfProject Value="True"/>
        <ComponentName Value="FormRules"/>
        <HasResources Value="True"/>
        <ResourceBaseClass Value="Form"/>
      </Unit>
      <Unit>
        <Filename Value="frames/frame.rules.item.pas"/>
        <IsPartOfProject Value="True"/>
        <ComponentName Value="FrameRulesItem"/>
        <HasResources Value="True"/>
        <ResourceBaseClass Value="Frame"/>
      </Unit>
      <Unit>
        <Filename Value="frames/frame.rules.edititem.pas"/>
        <IsPartOfProject Value="True"/>
        <ComponentName Value="FrameRulesEditItem"/>
        <HasResources Value="True"/>
        <ResourceBaseClass Value="Frame"/>
      </Unit>
      <Unit>
        <Filename Value="components/vosk/vosk.pas"/>
        <IsPartOfProject Value="True"/>
        <UnitName Value="Vosk"/>
      </Unit>
      <Unit>
        <Filename Value="components/vosk/voskthread.pas"/>
        <IsPartOfProject Value="True"/>
      </Unit>
    </Units>
  </ProjectOptions>
  <CompilerOptions>
    <Version Value="11"/>
    <Target>
      <Filename Value="../satania-buddy"/>
    </Target>
    <SearchPaths>
      <IncludeFiles Value="$(ProjOutDir);components/neural-api/neural;components/internettools"/>
      <OtherUnitFiles Value="forms;utils;satania;states;components;components/neural-api/neural;components/synalist;components/typing-label/typinglabel;components/TPocketSphinx/src;components/TPocketSphinx/src/pocketsphinx;frames;components/internettools/internet;components/internettools/data;components/vosk"/>
      <UnitOutputDirectory Value="../lib/$(TargetCPU)-$(TargetOS)"/>
    </SearchPaths>
    <CodeGeneration>
      <SmartLinkUnit Value="True"/>
      <TargetCPU Value="x86_64"/>
      <TargetOS Value="win64"/>
      <Optimizations>
        <OptimizationLevel Value="2"/>
      </Optimizations>
    </CodeGeneration>
    <Linking>
      <Debugging>
        <DebugInfoType Value="dsDwarf2"/>
        <UseExternalDbgSyms Value="True"/>
      </Debugging>
      <Options>
        <Win32>
          <GraphicApplication Value="True"/>
        </Win32>
      </Options>
    </Linking>
    <Other>
      <CustomOptions Value="-dCASTLE_SLIM_NODES"/>
    </Other>
  </CompilerOptions>
  <Debugging>
    <Exceptions>
      <Item>
        <Name Value="EAbort"/>
      </Item>
      <Item>
        <Name Value="ECodetoolError"/>
      </Item>
      <Item>
        <Name Value="EFOpenError"/>
      </Item>
      <Item>
        <Name Value="EJSON"/>
      </Item>
    </Exceptions>
  </Debugging>
</CONFIG>
