<?xml version="1.0" encoding="UTF-8"?>
<CONFIG>
  <ProjectOptions>
    <Version Value="12"/>
    <General>
      <SessionStorage Value="None"/>
      <Title Value="SataniaDesktopAssistant"/>
      <Scaled Value="True"/>
      <ResourceType Value="res"/>
      <UseXPManifest Value="True"/>
      <XPManifest>
        <DpiAware Value="True"/>
      </XPManifest>
      <Icon Value="0"/>
    </General>
    <i18n>
      <EnableI18N Value="True"/>
      <OutDir Value="../locale"/>
    </i18n>
    <BuildModes>
      <Item Name="win64" Default="True"/>
      <Item Name="linux64-qt5">
        <MacroValues Count="1">
          <Macro1 Name="LCLWidgetType" Value="qt5"/>
        </MacroValues>
        <CompilerOptions>
          <Version Value="11"/>
          <Target>
            <Filename Value="../satania-buddy"/>
          </Target>
          <SearchPaths>
            <IncludeFiles Value="$(ProjOutDir);components/neural-api/neural;components/internettools;components/brookfreepascal/includes"/>
            <OtherUnitFiles Value="forms;utils;satania;states;components;components/neural-api/neural;components/synalist;components/typing-label/typinglabel;components/TPocketSphinx/src;components/TPocketSphinx/src/pocketsphinx;frames;components/internettools/internet;components/internettools/data;components/vosk;components/activex;components/csscontrols;components/spine-runtimes/src;com;components/brookfreepascal/core;components/brookfreepascal/brokers;components/cge-spine-mixer/src;components/mormot;components/JsonTools;components/SynFacilSyn"/>
            <UnitOutputDirectory Value="../lib/$(TargetCPU)-$(TargetOS)"/>
          </SearchPaths>
          <CodeGeneration>
            <TargetCPU Value="x86_64"/>
            <TargetOS Value="linux"/>
            <Optimizations>
              <OptimizationLevel Value="2"/>
            </Optimizations>
          </CodeGeneration>
          <Linking>
            <Debugging>
              <UseExternalDbgSyms Value="True"/>
            </Debugging>
            <Options>
              <Win32>
                <GraphicApplication Value="True"/>
              </Win32>
            </Options>
          </Linking>
          <Other>
            <CustomOptions Value="-dCASTLE_SLIM_NODES"/>
          </Other>
        </CompilerOptions>
      </Item>
      <SharedMatrixOptions Count="1">
        <Item1 ID="959895603909" Modes="linux64-qt5" Type="IDEMacro" MacroName="LCLWidgetType" Value="qt5"/>
      </SharedMatrixOptions>
    </BuildModes>
    <PublishOptions>
      <Version Value="2"/>
      <UseFileFilters Value="True"/>
    </PublishOptions>
    <RunParams>
      <FormatVersion Value="2"/>
    </RunParams>
    <RequiredPackages>
      <Item>
        <PackageName Value="AnchorDocking"/>
      </Item>
      <Item>
        <PackageName Value="FrameViewer09"/>
      </Item>
      <Item>
        <PackageName Value="KControlsLaz"/>
      </Item>
      <Item>
        <PackageName Value="SynEditDsgn"/>
      </Item>
      <Item>
        <PackageName Value="DateTimeCtrlsDsgn"/>
      </Item>
      <Item>
        <PackageName Value="DateTimeCtrls"/>
      </Item>
      <Item>
        <PackageName Value="SynEdit"/>
      </Item>
      <Item>
        <PackageName Value="multithreadprocslaz"/>
      </Item>
      <Item>
        <PackageName Value="castle_components"/>
      </Item>
      <Item>
        <PackageName Value="castle_window"/>
      </Item>
      <Item>
        <PackageName Value="LCL"/>
      </Item>
    </RequiredPackages>
    <Units>
      <Unit>
        <Filename Value="SataniaDesktopAssistant.lpr"/>
        <IsPartOfProject Value="True"/>
        <UnitName Value="SataniaBuddy"/>
      </Unit>
      <Unit>
        <Filename Value="forms/form.main.pas"/>
        <IsPartOfProject Value="True"/>
        <ComponentName Value="FormMain"/>
        <HasResources Value="True"/>
        <ResourceBaseClass Value="Form"/>
        <UnitName Value="Form.Main"/>
      </Unit>
      <Unit>
        <Filename Value="utils/utils.activewindow.pas"/>
        <IsPartOfProject Value="True"/>
        <UnitName Value="Utils.ActiveWindow"/>
      </Unit>
      <Unit>
        <Filename Value="satania/mcdowell.pas"/>
        <IsPartOfProject Value="True"/>
        <UnitName Value="Mcdowell"/>
      </Unit>
      <Unit>
        <Filename Value="utils/utils.activewindow_windows.inc"/>
        <IsPartOfProject Value="True"/>
      </Unit>
      <Unit>
        <Filename Value="utils/utils.activewindow_linux_x11.inc"/>
        <IsPartOfProject Value="True"/>
      </Unit>
      <Unit>
        <Filename Value="configs.inc"/>
        <IsPartOfProject Value="True"/>
      </Unit>
      <Unit>
        <Filename Value="forms/form.main_windows.inc"/>
        <IsPartOfProject Value="True"/>
      </Unit>
      <Unit>
        <Filename Value="forms/form.main_linux_x11.inc"/>
        <IsPartOfProject Value="True"/>
      </Unit>
      <Unit>
        <Filename Value="states/state.main.pas"/>
        <IsPartOfProject Value="True"/>
        <UnitName Value="State.Main"/>
      </Unit>
      <Unit>
        <Filename Value="forms/form.touch.pas"/>
        <IsPartOfProject Value="True"/>
        <ComponentName Value="FormTouch"/>
        <HasResources Value="True"/>
        <ResourceBaseClass Value="Form"/>
        <UnitName Value="Form.Touch"/>
      </Unit>
      <Unit>
        <Filename Value="globals.pas"/>
        <IsPartOfProject Value="True"/>
        <UnitName Value="Globals"/>
      </Unit>
      <Unit>
        <Filename Value="forms/form.settings.pas"/>
        <IsPartOfProject Value="True"/>
        <ComponentName Value="FormSettings"/>
        <HasResources Value="True"/>
        <ResourceBaseClass Value="Form"/>
      </Unit>
      <Unit>
        <Filename Value="forms/form.chat.pas"/>
        <IsPartOfProject Value="True"/>
        <ComponentName Value="FormChat"/>
        <HasResources Value="True"/>
        <ResourceBaseClass Value="Form"/>
      </Unit>
      <Unit>
        <Filename Value="satania/mcdowell.chatbot.pas"/>
        <IsPartOfProject Value="True"/>
      </Unit>
      <Unit>
        <Filename Value="satania/mcdowell.chatbot.train.pas"/>
        <IsPartOfProject Value="True"/>
      </Unit>
      <Unit>
        <Filename Value="forms/form.tool.evilceditor.pas"/>
        <IsPartOfProject Value="True"/>
        <ComponentName Value="FormEvilCEditor"/>
        <HasResources Value="True"/>
        <ResourceBaseClass Value="Form"/>
      </Unit>
      <Unit>
        <Filename Value="satania/mcdowell.imap.pas"/>
        <IsPartOfProject Value="True"/>
      </Unit>
      <Unit>
        <Filename Value="forms/form.touch_linux_x11.inc"/>
        <IsPartOfProject Value="True"/>
      </Unit>
      <Unit>
        <Filename Value="forms/form.touch_windows.inc"/>
        <IsPartOfProject Value="True"/>
      </Unit>
      <Unit>
        <Filename Value="satania/mcdowell.evilc.pas"/>
        <IsPartOfProject Value="True"/>
        <UnitName Value="Mcdowell.EvilC"/>
      </Unit>
      <Unit>
        <Filename Value="satania/mcdowell.speechtotext.pas"/>
        <IsPartOfProject Value="True"/>
        <UnitName Value="Mcdowell.SpeechToText"/>
      </Unit>
      <Unit>
        <Filename Value="satania/mcdowell.speechtotext_windows.inc"/>
        <IsPartOfProject Value="True"/>
      </Unit>
      <Unit>
        <Filename Value="frames/frame.reminders.item.pas"/>
        <IsPartOfProject Value="True"/>
        <ComponentName Value="FrameRemindersItem"/>
        <HasResources Value="True"/>
        <ResourceBaseClass Value="Frame"/>
      </Unit>
      <Unit>
        <Filename Value="forms/form.reminders.pas"/>
        <IsPartOfProject Value="True"/>
        <ComponentName Value="FormReminders"/>
        <HasResources Value="True"/>
        <ResourceBaseClass Value="Form"/>
      </Unit>
      <Unit>
        <Filename Value="satania/mcdowell.sound.pas"/>
        <IsPartOfProject Value="True"/>
        <UnitName Value="Mcdowell.Sound"/>
      </Unit>
      <Unit>
        <Filename Value="forms/form.rules.pas"/>
        <IsPartOfProject Value="True"/>
        <ComponentName Value="FormRules"/>
        <HasResources Value="True"/>
        <ResourceBaseClass Value="Form"/>
      </Unit>
      <Unit>
        <Filename Value="frames/frame.rules.item.pas"/>
        <IsPartOfProject Value="True"/>
        <ComponentName Value="FrameRulesItem"/>
        <HasResources Value="True"/>
        <ResourceBaseClass Value="Frame"/>
      </Unit>
      <Unit>
        <Filename Value="frames/frame.rules.edititem.pas"/>
        <IsPartOfProject Value="True"/>
        <ComponentName Value="FrameRulesEditItem"/>
        <HasResources Value="True"/>
        <ResourceBaseClass Value="Frame"/>
      </Unit>
      <Unit>
        <Filename Value="components/vosk/vosk.pas"/>
        <IsPartOfProject Value="True"/>
        <UnitName Value="Vosk"/>
      </Unit>
      <Unit>
        <Filename Value="components/vosk/voskthread.pas"/>
        <IsPartOfProject Value="True"/>
      </Unit>
      <Unit>
        <Filename Value="components/vosk/voskbassaudiosource.pas"/>
        <IsPartOfProject Value="True"/>
      </Unit>
      <Unit>
        <Filename Value="satania/mcdowell_se.inc"/>
        <IsPartOfProject Value="True"/>
      </Unit>
      <Unit>
        <Filename Value="satania/mcdowell.chat.pas"/>
        <IsPartOfProject Value="True"/>
      </Unit>
      <Unit>
        <Filename Value="satania/mcdowell.net.pas"/>
        <IsPartOfProject Value="True"/>
      </Unit>
      <Unit>
        <Filename Value="satania/mcdowell.numbers.pas"/>
        <IsPartOfProject Value="True"/>
      </Unit>
      <Unit>
        <Filename Value="utils/utils.strings.pas"/>
        <IsPartOfProject Value="True"/>
        <UnitName Value="Utils.Strings"/>
      </Unit>
      <Unit>
        <Filename Value="utils/utils.encdec.pas"/>
        <IsPartOfProject Value="True"/>
        <UnitName Value="Utils.Encdec"/>
      </Unit>
      <Unit>
        <Filename Value="utils/utils.coords.pas"/>
        <IsPartOfProject Value="True"/>
        <UnitName Value="Utils.Coords"/>
      </Unit>
      <Unit>
        <Filename Value="utils/utils.threads.pas"/>
        <IsPartOfProject Value="True"/>
        <UnitName Value="Utils.Threads"/>
      </Unit>
      <Unit>
        <Filename Value="utils/utils.files.pas"/>
        <IsPartOfProject Value="True"/>
        <UnitName Value="Utils.Files"/>
      </Unit>
      <Unit>
        <Filename Value="satania/mcdowell.smtp.pas"/>
        <IsPartOfProject Value="True"/>
      </Unit>
      <Unit>
        <Filename Value="utils/utils.smartptr.pas"/>
        <IsPartOfProject Value="True"/>
      </Unit>
      <Unit>
        <Filename Value="forms/form.ask.pas"/>
        <IsPartOfProject Value="True"/>
        <ComponentName Value="FormAsk"/>
        <HasResources Value="True"/>
        <ResourceBaseClass Value="Form"/>
      </Unit>
      <Unit>
        <Filename Value="utils/utils.htmltext.pas"/>
        <IsPartOfProject Value="True"/>
      </Unit>
      <Unit>
        <Filename Value="components/mormot.core.fpcx64mm.pas"/>
        <IsPartOfProject Value="True"/>
      </Unit>
      <Unit>
        <Filename Value="utils/utils.sprites.pas"/>
        <IsPartOfProject Value="True"/>
      </Unit>
      <Unit>
        <Filename Value="com/com.brokers.pas"/>
        <IsPartOfProject Value="True"/>
        <UnitName Value="Com.Brokers"/>
      </Unit>
      <Unit>
        <Filename Value="com/com.talk.pas"/>
        <IsPartOfProject Value="True"/>
        <UnitName Value="Com.Talk"/>
      </Unit>
      <Unit>
        <Filename Value="satania/mcdowell.sketch.pas"/>
        <IsPartOfProject Value="True"/>
      </Unit>
      <Unit>
        <Filename Value="forms/form.tool.hexeditor.pas"/>
        <IsPartOfProject Value="True"/>
        <ComponentName Value="FormHexEditor"/>
        <HasResources Value="True"/>
        <ResourceBaseClass Value="Form"/>
      </Unit>
      <Unit>
        <Filename Value="satania/mcdowell.richtext.pas"/>
        <IsPartOfProject Value="True"/>
        <UnitName Value="Mcdowell.RichText"/>
      </Unit>
      <Unit>
        <Filename Value="forms/form.bubble.pas"/>
        <IsPartOfProject Value="True"/>
        <ComponentName Value="FormBubble"/>
        <HasResources Value="True"/>
        <ResourceBaseClass Value="Form"/>
        <UnitName Value="Form.Bubble"/>
      </Unit>
      <Unit>
        <Filename Value="satania/mcdowell.chat.history.pas"/>
        <IsPartOfProject Value="True"/>
        <UnitName Value="Mcdowell.Chat.History"/>
      </Unit>
      <Unit>
        <Filename Value="utils/utils.colors.pas"/>
        <IsPartOfProject Value="True"/>
        <UnitName Value="Utils.Colors"/>
      </Unit>
    </Units>
  </ProjectOptions>
  <CompilerOptions>
    <Version Value="11"/>
    <Target>
      <Filename Value="../satania-buddy"/>
    </Target>
    <SearchPaths>
      <IncludeFiles Value="$(ProjOutDir);components/neural-api/neural;components/internettools;components/brookfreepascal/includes"/>
      <OtherUnitFiles Value="forms;utils;satania;states;components;components/neural-api/neural;components/synalist;components/typing-label/typinglabel;components/TPocketSphinx/src;components/TPocketSphinx/src/pocketsphinx;frames;components/internettools/internet;components/internettools/data;components/vosk;components/activex;components/csscontrols;components/spine-runtimes/src;com;components/brookfreepascal/core;components/brookfreepascal/brokers;components/cge-spine-mixer/src;components/mormot;components/JsonTools;components/SynFacilSyn"/>
      <UnitOutputDirectory Value="../lib/$(TargetCPU)-$(TargetOS)"/>
    </SearchPaths>
    <CodeGeneration>
      <SmartLinkUnit Value="True"/>
      <TargetCPU Value="x86_64"/>
      <TargetOS Value="win64"/>
      <Optimizations>
        <OptimizationLevel Value="4"/>
      </Optimizations>
    </CodeGeneration>
    <Linking>
      <Debugging>
        <DebugInfoType Value="dsDwarf2"/>
        <UseExternalDbgSyms Value="True"/>
      </Debugging>
    </Linking>
    <Other>
      <CustomOptions Value="-dCASTLE_SLIM_NODES"/>
    </Other>
  </CompilerOptions>
  <Debugging>
    <Exceptions>
      <Item>
        <Name Value="EAbort"/>
      </Item>
      <Item>
        <Name Value="ECodetoolError"/>
      </Item>
      <Item>
        <Name Value="EFOpenError"/>
      </Item>
      <Item>
        <Name Value="EJSON"/>
      </Item>
    </Exceptions>
  </Debugging>
</CONFIG>
